
Microsoft Visual Studio Solution File, Format Version 12.00
# Visual Studio Version 17
VisualStudioVersion = 17.0.32126.317
MinimumVisualStudioVersion = 10.0.40219.1
Project("{FAE04EC0-301F-11D3-BF4B-00C04F79EFBC}") = "Cadastro de contatos", "Cadastro de contatos.csproj", "{17C690C9-52E7-4C8C-8DA0-E54964168AB0}"
EndProject
Global
	GlobalSection(SolutionConfigurationPlatforms) = preSolution
		Debug|Any CPU = Debug|Any CPU
		Release|Any CPU = Release|Any CPU
	EndGlobalSection
	GlobalSection(ProjectConfigurationPlatforms) = postSolution
		{17C690C9-52E7-4C8C-8DA0-E54964168AB0}.Debug|Any CPU.ActiveCfg = Debug|Any CPU
		{17C690C9-52E7-4C8C-8DA0-E54964168AB0}.Debug|Any CPU.Build.0 = Debug|Any CPU
		{17C690C9-52E7-4C8C-8DA0-E54964168AB0}.Release|Any CPU.ActiveCfg = Release|Any CPU
		{17C690C9-52E7-4C8C-8DA0-E54964168AB0}.Release|Any CPU.Build.0 = Release|Any CPU
	EndGlobalSection
	GlobalSection(SolutionProperties) = preSolution
		HideSolutionNode = FALSE
	EndGlobalSection
	GlobalSection(ExtensibilityGlobals) = postSolution
		SolutionGuid = {5751FD2C-771F-479D-884D-C1967DC669B0}
	EndGlobalSection
EndGlobal
